// !$*UTF8*$!
{
	archiveVersion = 1;
	classes = {
	};
	objectVersion = 50;
	objects = {

/* Begin PBXBuildFile section */
		8E09FAD52433654E00464376 /* PhoneViewCell.swift in Sources */ = {isa = PBXBuildFile; fileRef = 8E09FAD42433654E00464376 /* PhoneViewCell.swift */; };
		8E09FAD7243367DD00464376 /* Phone.swift in Sources */ = {isa = PBXBuildFile; fileRef = 8E09FAD6243367DD00464376 /* Phone.swift */; };
		8E09FADB24336A2000464376 /* PhoneViewController.swift in Sources */ = {isa = PBXBuildFile; fileRef = 8E09FADA24336A2000464376 /* PhoneViewController.swift */; };
		8E09FADD243389FD00464376 /* PhoneViewCell.xib in Resources */ = {isa = PBXBuildFile; fileRef = 8E09FADC243389FD00464376 /* PhoneViewCell.xib */; };
		A1C1D14F243247700066B180 /* AppDelegate.swift in Sources */ = {isa = PBXBuildFile; fileRef = A1C1D14E243247700066B180 /* AppDelegate.swift */; };
		A1C1D151243247700066B180 /* SceneDelegate.swift in Sources */ = {isa = PBXBuildFile; fileRef = A1C1D150243247700066B180 /* SceneDelegate.swift */; };
		A1C1D153243247700066B180 /* ViewController.swift in Sources */ = {isa = PBXBuildFile; fileRef = A1C1D152243247700066B180 /* ViewController.swift */; };
		A1C1D156243247700066B180 /* Main.storyboard in Resources */ = {isa = PBXBuildFile; fileRef = A1C1D154243247700066B180 /* Main.storyboard */; };
		A1C1D158243247750066B180 /* Assets.xcassets in Resources */ = {isa = PBXBuildFile; fileRef = A1C1D157243247750066B180 /* Assets.xcassets */; };
		A1C1D15B243247750066B180 /* LaunchScreen.storyboard in Resources */ = {isa = PBXBuildFile; fileRef = A1C1D159243247750066B180 /* LaunchScreen.storyboard */; };
		A1C1D166243247750066B180 /* UnifyTests.swift in Sources */ = {isa = PBXBuildFile; fileRef = A1C1D165243247750066B180 /* UnifyTests.swift */; };
		A1C1D171243247750066B180 /* UnifyUITests.swift in Sources */ = {isa = PBXBuildFile; fileRef = A1C1D170243247750066B180 /* UnifyUITests.swift */; };
/* End PBXBuildFile section */

/* Begin PBXContainerItemProxy section */
		A1C1D162243247750066B180 /* PBXContainerItemProxy */ = {
			isa = PBXContainerItemProxy;
			containerPortal = A1C1D143243247700066B180 /* Project object */;
			proxyType = 1;
			remoteGlobalIDString = A1C1D14A243247700066B180;
			remoteInfo = Unify;
		};
		A1C1D16D243247750066B180 /* PBXContainerItemProxy */ = {
			isa = PBXContainerItemProxy;
			containerPortal = A1C1D143243247700066B180 /* Project object */;
			proxyType = 1;
			remoteGlobalIDString = A1C1D14A243247700066B180;
			remoteInfo = Unify;
		};
/* End PBXContainerItemProxy section */

/* Begin PBXFileReference section */
		8E09FAD42433654E00464376 /* PhoneViewCell.swift */ = {isa = PBXFileReference; lastKnownFileType = sourcecode.swift; path = PhoneViewCell.swift; sourceTree = "<group>"; };
		8E09FAD6243367DD00464376 /* Phone.swift */ = {isa = PBXFileReference; lastKnownFileType = sourcecode.swift; path = Phone.swift; sourceTree = "<group>"; };
		8E09FADA24336A2000464376 /* PhoneViewController.swift */ = {isa = PBXFileReference; lastKnownFileType = sourcecode.swift; path = PhoneViewController.swift; sourceTree = "<group>"; };
		8E09FADC243389FD00464376 /* PhoneViewCell.xib */ = {isa = PBXFileReference; lastKnownFileType = file.xib; path = PhoneViewCell.xib; sourceTree = "<group>"; };
		A1C1D14B243247700066B180 /* Unify.app */ = {isa = PBXFileReference; explicitFileType = wrapper.application; includeInIndex = 0; path = Unify.app; sourceTree = BUILT_PRODUCTS_DIR; };
		A1C1D14E243247700066B180 /* AppDelegate.swift */ = {isa = PBXFileReference; lastKnownFileType = sourcecode.swift; path = AppDelegate.swift; sourceTree = "<group>"; };
		A1C1D150243247700066B180 /* SceneDelegate.swift */ = {isa = PBXFileReference; lastKnownFileType = sourcecode.swift; path = SceneDelegate.swift; sourceTree = "<group>"; };
		A1C1D152243247700066B180 /* ViewController.swift */ = {isa = PBXFileReference; lastKnownFileType = sourcecode.swift; path = ViewController.swift; sourceTree = "<group>"; };
		A1C1D155243247700066B180 /* Base */ = {isa = PBXFileReference; lastKnownFileType = file.storyboard; name = Base; path = Base.lproj/Main.storyboard; sourceTree = "<group>"; };
		A1C1D157243247750066B180 /* Assets.xcassets */ = {isa = PBXFileReference; lastKnownFileType = folder.assetcatalog; path = Assets.xcassets; sourceTree = "<group>"; };
		A1C1D15A243247750066B180 /* Base */ = {isa = PBXFileReference; lastKnownFileType = file.storyboard; name = Base; path = Base.lproj/LaunchScreen.storyboard; sourceTree = "<group>"; };
		A1C1D15C243247750066B180 /* Info.plist */ = {isa = PBXFileReference; lastKnownFileType = text.plist.xml; path = Info.plist; sourceTree = "<group>"; };
		A1C1D161243247750066B180 /* UnifyTests.xctest */ = {isa = PBXFileReference; explicitFileType = wrapper.cfbundle; includeInIndex = 0; path = UnifyTests.xctest; sourceTree = BUILT_PRODUCTS_DIR; };
		A1C1D165243247750066B180 /* UnifyTests.swift */ = {isa = PBXFileReference; lastKnownFileType = sourcecode.swift; path = UnifyTests.swift; sourceTree = "<group>"; };
		A1C1D167243247750066B180 /* Info.plist */ = {isa = PBXFileReference; lastKnownFileType = text.plist.xml; path = Info.plist; sourceTree = "<group>"; };
		A1C1D16C243247750066B180 /* UnifyUITests.xctest */ = {isa = PBXFileReference; explicitFileType = wrapper.cfbundle; includeInIndex = 0; path = UnifyUITests.xctest; sourceTree = BUILT_PRODUCTS_DIR; };
		A1C1D170243247750066B180 /* UnifyUITests.swift */ = {isa = PBXFileReference; lastKnownFileType = sourcecode.swift; path = UnifyUITests.swift; sourceTree = "<group>"; };
		A1C1D172243247750066B180 /* Info.plist */ = {isa = PBXFileReference; lastKnownFileType = text.plist.xml; path = Info.plist; sourceTree = "<group>"; };
/* End PBXFileReference section */

/* Begin PBXFrameworksBuildPhase section */
		A1C1D148243247700066B180 /* Frameworks */ = {
			isa = PBXFrameworksBuildPhase;
			buildActionMask = 2147483647;
			files = (
			);
			runOnlyForDeploymentPostprocessing = 0;
		};
		A1C1D15E243247750066B180 /* Frameworks */ = {
			isa = PBXFrameworksBuildPhase;
			buildActionMask = 2147483647;
			files = (
			);
			runOnlyForDeploymentPostprocessing = 0;
		};
		A1C1D169243247750066B180 /* Frameworks */ = {
			isa = PBXFrameworksBuildPhase;
			buildActionMask = 2147483647;
			files = (
			);
			runOnlyForDeploymentPostprocessing = 0;
		};
/* End PBXFrameworksBuildPhase section */

/* Begin PBXGroup section */
		A1C1D142243247700066B180 = {
			isa = PBXGroup;
			children = (
				A1C1D14D243247700066B180 /* Unify */,
				A1C1D164243247750066B180 /* UnifyTests */,
				A1C1D16F243247750066B180 /* UnifyUITests */,
				A1C1D14C243247700066B180 /* Products */,
			);
			sourceTree = "<group>";
		};
		A1C1D14C243247700066B180 /* Products */ = {
			isa = PBXGroup;
			children = (
				A1C1D14B243247700066B180 /* Unify.app */,
				A1C1D161243247750066B180 /* UnifyTests.xctest */,
				A1C1D16C243247750066B180 /* UnifyUITests.xctest */,
			);
			name = Products;
			sourceTree = "<group>";
		};
		A1C1D14D243247700066B180 /* Unify */ = {
			isa = PBXGroup;
			children = (
				A1C1D14E243247700066B180 /* AppDelegate.swift */,
				8E09FADA24336A2000464376 /* PhoneViewController.swift */,
				A1C1D150243247700066B180 /* SceneDelegate.swift */,
				A1C1D152243247700066B180 /* ViewController.swift */,
				A1C1D154243247700066B180 /* Main.storyboard */,
				8E09FAD42433654E00464376 /* PhoneViewCell.swift */,
				8E09FAD6243367DD00464376 /* Phone.swift */,
				A1C1D157243247750066B180 /* Assets.xcassets */,
				A1C1D159243247750066B180 /* LaunchScreen.storyboard */,
				A1C1D15C243247750066B180 /* Info.plist */,
				8E09FADC243389FD00464376 /* PhoneViewCell.xib */,
			);
			path = Unify;
			sourceTree = "<group>";
		};
		A1C1D164243247750066B180 /* UnifyTests */ = {
			isa = PBXGroup;
			children = (
				A1C1D165243247750066B180 /* UnifyTests.swift */,
				A1C1D167243247750066B180 /* Info.plist */,
			);
			path = UnifyTests;
			sourceTree = "<group>";
		};
		A1C1D16F243247750066B180 /* UnifyUITests */ = {
			isa = PBXGroup;
			children = (
				A1C1D170243247750066B180 /* UnifyUITests.swift */,
				A1C1D172243247750066B180 /* Info.plist */,
			);
			path = UnifyUITests;
			sourceTree = "<group>";
		};
/* End PBXGroup section */

/* Begin PBXNativeTarget section */
		A1C1D14A243247700066B180 /* Unify */ = {
			isa = PBXNativeTarget;
			buildConfigurationList = A1C1D175243247750066B180 /* Build configuration list for PBXNativeTarget "Unify" */;
			buildPhases = (
				A1C1D147243247700066B180 /* Sources */,
				A1C1D148243247700066B180 /* Frameworks */,
				A1C1D149243247700066B180 /* Resources */,
			);
			buildRules = (
			);
			dependencies = (
			);
			name = Unify;
			productName = Unify;
			productReference = A1C1D14B243247700066B180 /* Unify.app */;
			productType = "com.apple.product-type.application";
		};
		A1C1D160243247750066B180 /* UnifyTests */ = {
			isa = PBXNativeTarget;
			buildConfigurationList = A1C1D178243247750066B180 /* Build configuration list for PBXNativeTarget "UnifyTests" */;
			buildPhases = (
				A1C1D15D243247750066B180 /* Sources */,
				A1C1D15E243247750066B180 /* Frameworks */,
				A1C1D15F243247750066B180 /* Resources */,
			);
			buildRules = (
			);
			dependencies = (
				A1C1D163243247750066B180 /* PBXTargetDependency */,
			);
			name = UnifyTests;
			productName = UnifyTests;
			productReference = A1C1D161243247750066B180 /* UnifyTests.xctest */;
			productType = "com.apple.product-type.bundle.unit-test";
		};
		A1C1D16B243247750066B180 /* UnifyUITests */ = {
			isa = PBXNativeTarget;
			buildConfigurationList = A1C1D17B243247750066B180 /* Build configuration list for PBXNativeTarget "UnifyUITests" */;
			buildPhases = (
				A1C1D168243247750066B180 /* Sources */,
				A1C1D169243247750066B180 /* Frameworks */,
				A1C1D16A243247750066B180 /* Resources */,
			);
			buildRules = (
			);
			dependencies = (
				A1C1D16E243247750066B180 /* PBXTargetDependency */,
			);
			name = UnifyUITests;
			productName = UnifyUITests;
			productReference = A1C1D16C243247750066B180 /* UnifyUITests.xctest */;
			productType = "com.apple.product-type.bundle.ui-testing";
		};
/* End PBXNativeTarget section */

/* Begin PBXProject section */
		A1C1D143243247700066B180 /* Project object */ = {
			isa = PBXProject;
			attributes = {
				LastSwiftUpdateCheck = 1140;
				LastUpgradeCheck = 1140;
				ORGANIZATIONNAME = "Tarek Abdala";
				TargetAttributes = {
					A1C1D14A243247700066B180 = {
						CreatedOnToolsVersion = 11.4;
						LastSwiftMigration = 1140;
					};
					A1C1D160243247750066B180 = {
						CreatedOnToolsVersion = 11.4;
						TestTargetID = A1C1D14A243247700066B180;
					};
					A1C1D16B243247750066B180 = {
						CreatedOnToolsVersion = 11.4;
						TestTargetID = A1C1D14A243247700066B180;
					};
				};
			};
			buildConfigurationList = A1C1D146243247700066B180 /* Build configuration list for PBXProject "Unify" */;
			compatibilityVersion = "Xcode 9.3";
			developmentRegion = en;
			hasScannedForEncodings = 0;
			knownRegions = (
				en,
				Base,
			);
			mainGroup = A1C1D142243247700066B180;
			productRefGroup = A1C1D14C243247700066B180 /* Products */;
			projectDirPath = "";
			projectRoot = "";
			targets = (
				A1C1D14A243247700066B180 /* Unify */,
				A1C1D160243247750066B180 /* UnifyTests */,
				A1C1D16B243247750066B180 /* UnifyUITests */,
			);
		};
/* End PBXProject section */

/* Begin PBXResourcesBuildPhase section */
		A1C1D149243247700066B180 /* Resources */ = {
			isa = PBXResourcesBuildPhase;
			buildActionMask = 2147483647;
			files = (
				A1C1D15B243247750066B180 /* LaunchScreen.storyboard in Resources */,
				A1C1D158243247750066B180 /* Assets.xcassets in Resources */,
				A1C1D156243247700066B180 /* Main.storyboard in Resources */,
				8E09FADD243389FD00464376 /* PhoneViewCell.xib in Resources */,
			);
			runOnlyForDeploymentPostprocessing = 0;
		};
		A1C1D15F243247750066B180 /* Resources */ = {
			isa = PBXResourcesBuildPhase;
			buildActionMask = 2147483647;
			files = (
			);
			runOnlyForDeploymentPostprocessing = 0;
		};
		A1C1D16A243247750066B180 /* Resources */ = {
			isa = PBXResourcesBuildPhase;
			buildActionMask = 2147483647;
			files = (
			);
			runOnlyForDeploymentPostprocessing = 0;
		};
/* End PBXResourcesBuildPhase section */

/* Begin PBXSourcesBuildPhase section */
		A1C1D147243247700066B180 /* Sources */ = {
			isa = PBXSourcesBuildPhase;
			buildActionMask = 2147483647;
			files = (
				8E09FAD7243367DD00464376 /* Phone.swift in Sources */,
				8E09FAD52433654E00464376 /* PhoneViewCell.swift in Sources */,
				A1C1D153243247700066B180 /* ViewController.swift in Sources */,
				A1C1D14F243247700066B180 /* AppDelegate.swift in Sources */,
				8E09FADB24336A2000464376 /* PhoneViewController.swift in Sources */,
				A1C1D151243247700066B180 /* SceneDelegate.swift in Sources */,
			);
			runOnlyForDeploymentPostprocessing = 0;
		};
		A1C1D15D243247750066B180 /* Sources */ = {
			isa = PBXSourcesBuildPhase;
			buildActionMask = 2147483647;
			files = (
				A1C1D166243247750066B180 /* UnifyTests.swift in Sources */,
			);
			runOnlyForDeploymentPostprocessing = 0;
		};
		A1C1D168243247750066B180 /* Sources */ = {
			isa = PBXSourcesBuildPhase;
			buildActionMask = 2147483647;
			files = (
				A1C1D171243247750066B180 /* UnifyUITests.swift in Sources */,
			);
			runOnlyForDeploymentPostprocessing = 0;
		};
/* End PBXSourcesBuildPhase section */

/* Begin PBXTargetDependency section */
		A1C1D163243247750066B180 /* PBXTargetDependency */ = {
			isa = PBXTargetDependency;
			target = A1C1D14A243247700066B180 /* Unify */;
			targetProxy = A1C1D162243247750066B180 /* PBXContainerItemProxy */;
		};
		A1C1D16E243247750066B180 /* PBXTargetDependency */ = {
			isa = PBXTargetDependency;
			target = A1C1D14A243247700066B180 /* Unify */;
			targetProxy = A1C1D16D243247750066B180 /* PBXContainerItemProxy */;
		};
/* End PBXTargetDependency section */

/* Begin PBXVariantGroup section */
		A1C1D154243247700066B180 /* Main.storyboard */ = {
			isa = PBXVariantGroup;
			children = (
				A1C1D155243247700066B180 /* Base */,
			);
			name = Main.storyboard;
			sourceTree = "<group>";
		};
		A1C1D159243247750066B180 /* LaunchScreen.storyboard */ = {
			isa = PBXVariantGroup;
			children = (
				A1C1D15A243247750066B180 /* Base */,
			);
			name = LaunchScreen.storyboard;
			sourceTree = "<group>";
		};
/* End PBXVariantGroup section */

/* Begin XCBuildConfiguration section */
		A1C1D173243247750066B180 /* Debug */ = {
			isa = XCBuildConfiguration;
			buildSettings = {
				ALWAYS_SEARCH_USER_PATHS = NO;
				CLANG_ANALYZER_NONNULL = YES;
				CLANG_ANALYZER_NUMBER_OBJECT_CONVERSION = YES_AGGRESSIVE;
				CLANG_CXX_LANGUAGE_STANDARD = "gnu++14";
				CLANG_CXX_LIBRARY = "libc++";
				CLANG_ENABLE_MODULES = YES;
				CLANG_ENABLE_OBJC_ARC = YES;
				CLANG_ENABLE_OBJC_WEAK = YES;
				CLANG_WARN_BLOCK_CAPTURE_AUTORELEASING = YES;
				CLANG_WARN_BOOL_CONVERSION = YES;
				CLANG_WARN_COMMA = YES;
				CLANG_WARN_CONSTANT_CONVERSION = YES;
				CLANG_WARN_DEPRECATED_OBJC_IMPLEMENTATIONS = YES;
				CLANG_WARN_DIRECT_OBJC_ISA_USAGE = YES_ERROR;
				CLANG_WARN_DOCUMENTATION_COMMENTS = YES;
				CLANG_WARN_EMPTY_BODY = YES;
				CLANG_WARN_ENUM_CONVERSION = YES;
				CLANG_WARN_INFINITE_RECURSION = YES;
				CLANG_WARN_INT_CONVERSION = YES;
				CLANG_WARN_NON_LITERAL_NULL_CONVERSION = YES;
				CLANG_WARN_OBJC_IMPLICIT_RETAIN_SELF = YES;
				CLANG_WARN_OBJC_LITERAL_CONVERSION = YES;
				CLANG_WARN_OBJC_ROOT_CLASS = YES_ERROR;
				CLANG_WARN_RANGE_LOOP_ANALYSIS = YES;
				CLANG_WARN_STRICT_PROTOTYPES = YES;
				CLANG_WARN_SUSPICIOUS_MOVE = YES;
				CLANG_WARN_UNGUARDED_AVAILABILITY = YES_AGGRESSIVE;
				CLANG_WARN_UNREACHABLE_CODE = YES;
				CLANG_WARN__DUPLICATE_METHOD_MATCH = YES;
				COPY_PHASE_STRIP = NO;
				DEBUG_INFORMATION_FORMAT = dwarf;
				ENABLE_STRICT_OBJC_MSGSEND = YES;
				ENABLE_TESTABILITY = YES;
				GCC_C_LANGUAGE_STANDARD = gnu11;
				GCC_DYNAMIC_NO_PIC = NO;
				GCC_NO_COMMON_BLOCKS = YES;
				GCC_OPTIMIZATION_LEVEL = 0;
				GCC_PREPROCESSOR_DEFINITIONS = (
					"DEBUG=1",
					"$(inherited)",
				);
				GCC_WARN_64_TO_32_BIT_CONVERSION = YES;
				GCC_WARN_ABOUT_RETURN_TYPE = YES_ERROR;
				GCC_WARN_UNDECLARED_SELECTOR = YES;
				GCC_WARN_UNINITIALIZED_AUTOS = YES_AGGRESSIVE;
				GCC_WARN_UNUSED_FUNCTION = YES;
				GCC_WARN_UNUSED_VARIABLE = YES;
				IPHONEOS_DEPLOYMENT_TARGET = 13.4;
				MTL_ENABLE_DEBUG_INFO = INCLUDE_SOURCE;
				MTL_FAST_MATH = YES;
				ONLY_ACTIVE_ARCH = YES;
				SDKROOT = iphoneos;
				SWIFT_ACTIVE_COMPILATION_CONDITIONS = DEBUG;
				SWIFT_OPTIMIZATION_LEVEL = "-Onone";
			};
			name = Debug;
		};
		A1C1D174243247750066B180 /* Release */ = {
			isa = XCBuildConfiguration;
			buildSettings = {
				ALWAYS_SEARCH_USER_PATHS = NO;
				CLANG_ANALYZER_NONNULL = YES;
				CLANG_ANALYZER_NUMBER_OBJECT_CONVERSION = YES_AGGRESSIVE;
				CLANG_CXX_LANGUAGE_STANDARD = "gnu++14";
				CLANG_CXX_LIBRARY = "libc++";
				CLANG_ENABLE_MODULES = YES;
				CLANG_ENABLE_OBJC_ARC = YES;
				CLANG_ENABLE_OBJC_WEAK = YES;
				CLANG_WARN_BLOCK_CAPTURE_AUTORELEASING = YES;
				CLANG_WARN_BOOL_CONVERSION = YES;
				CLANG_WARN_COMMA = YES;
				CLANG_WARN_CONSTANT_CONVERSION = YES;
				CLANG_WARN_DEPRECATED_OBJC_IMPLEMENTATIONS = YES;
				CLANG_WARN_DIRECT_OBJC_ISA_USAGE = YES_ERROR;
				CLANG_WARN_DOCUMENTATION_COMMENTS = YES;
				CLANG_WARN_EMPTY_BODY = YES;
				CLANG_WARN_ENUM_CONVERSION = YES;
				CLANG_WARN_INFINITE_RECURSION = YES;
				CLANG_WARN_INT_CONVERSION = YES;
				CLANG_WARN_NON_LITERAL_NULL_CONVERSION = YES;
				CLANG_WARN_OBJC_IMPLICIT_RETAIN_SELF = YES;
				CLANG_WARN_OBJC_LITERAL_CONVERSION = YES;
				CLANG_WARN_OBJC_ROOT_CLASS = YES_ERROR;
				CLANG_WARN_RANGE_LOOP_ANALYSIS = YES;
				CLANG_WARN_STRICT_PROTOTYPES = YES;
				CLANG_WARN_SUSPICIOUS_MOVE = YES;
				CLANG_WARN_UNGUARDED_AVAILABILITY = YES_AGGRESSIVE;
				CLANG_WARN_UNREACHABLE_CODE = YES;
				CLANG_WARN__DUPLICATE_METHOD_MATCH = YES;
				COPY_PHASE_STRIP = NO;
				DEBUG_INFORMATION_FORMAT = "dwarf-with-dsym";
				ENABLE_NS_ASSERTIONS = NO;
				ENABLE_STRICT_OBJC_MSGSEND = YES;
				GCC_C_LANGUAGE_STANDARD = gnu11;
				GCC_NO_COMMON_BLOCKS = YES;
				GCC_WARN_64_TO_32_BIT_CONVERSION = YES;
				GCC_WARN_ABOUT_RETURN_TYPE = YES_ERROR;
				GCC_WARN_UNDECLARED_SELECTOR = YES;
				GCC_WARN_UNINITIALIZED_AUTOS = YES_AGGRESSIVE;
				GCC_WARN_UNUSED_FUNCTION = YES;
				GCC_WARN_UNUSED_VARIABLE = YES;
				IPHONEOS_DEPLOYMENT_TARGET = 13.4;
				MTL_ENABLE_DEBUG_INFO = NO;
				MTL_FAST_MATH = YES;
				SDKROOT = iphoneos;
				SWIFT_COMPILATION_MODE = wholemodule;
				SWIFT_OPTIMIZATION_LEVEL = "-O";
				VALIDATE_PRODUCT = YES;
			};
			name = Release;
		};
		A1C1D176243247750066B180 /* Debug */ = {
			isa = XCBuildConfiguration;
			buildSettings = {
				ASSETCATALOG_COMPILER_APPICON_NAME = AppIcon;
				CLANG_ENABLE_MODULES = YES;
				CODE_SIGN_STYLE = Automatic;
				INFOPLIST_FILE = Unify/Info.plist;
				LD_RUNPATH_SEARCH_PATHS = (
					"$(inherited)",
					"@executable_path/Frameworks",
				);
				PRODUCT_BUNDLE_IDENTIFIER = next.Unify;
				PRODUCT_NAME = "$(TARGET_NAME)";
				SWIFT_OPTIMIZATION_LEVEL = "-Onone";
				SWIFT_VERSION = 5.0;
				TARGETED_DEVICE_FAMILY = "1,2";
			};
			name = Debug;
		};
		A1C1D177243247750066B180 /* Release */ = {
			isa = XCBuildConfiguration;
			buildSettings = {
				ASSETCATALOG_COMPILER_APPICON_NAME = AppIcon;
				CLANG_ENABLE_MODULES = YES;
				CODE_SIGN_STYLE = Automatic;
				INFOPLIST_FILE = Unify/Info.plist;
				LD_RUNPATH_SEARCH_PATHS = (
					"$(inherited)",
					"@executable_path/Frameworks",
				);
				PRODUCT_BUNDLE_IDENTIFIER = next.Unify;
				PRODUCT_NAME = "$(TARGET_NAME)";
				SWIFT_VERSION = 5.0;
				TARGETED_DEVICE_FAMILY = "1,2";
			};
			name = Release;
		};
		A1C1D179243247750066B180 /* Debug */ = {
			isa = XCBuildConfiguration;
			buildSettings = {
				ALWAYS_EMBED_SWIFT_STANDARD_LIBRARIES = YES;
				BUNDLE_LOADER = "$(TEST_HOST)";
				CODE_SIGN_STYLE = Automatic;
				INFOPLIST_FILE = UnifyTests/Info.plist;
				IPHONEOS_DEPLOYMENT_TARGET = 13.4;
				LD_RUNPATH_SEARCH_PATHS = (
					"$(inherited)",
					"@executable_path/Frameworks",
					"@loader_path/Frameworks",
				);
				PRODUCT_BUNDLE_IDENTIFIER = next.UnifyTests;
				PRODUCT_NAME = "$(TARGET_NAME)";
				SWIFT_VERSION = 5.0;
				TARGETED_DEVICE_FAMILY = "1,2";
				TEST_HOST = "$(BUILT_PRODUCTS_DIR)/Unify.app/Unify";
			};
			name = Debug;
		};
		A1C1D17A243247750066B180 /* Release */ = {
			isa = XCBuildConfiguration;
			buildSettings = {
				ALWAYS_EMBED_SWIFT_STANDARD_LIBRARIES = YES;
				BUNDLE_LOADER = "$(TEST_HOST)";
				CODE_SIGN_STYLE = Automatic;
				INFOPLIST_FILE = UnifyTests/Info.plist;
				IPHONEOS_DEPLOYMENT_TARGET = 13.4;
				LD_RUNPATH_SEARCH_PATHS = (
					"$(inherited)",
					"@executable_path/Frameworks",
					"@loader_path/Frameworks",
				);
				PRODUCT_BUNDLE_IDENTIFIER = next.UnifyTests;
				PRODUCT_NAME = "$(TARGET_NAME)";
				SWIFT_VERSION = 5.0;
				TARGETED_DEVICE_FAMILY = "1,2";
				TEST_HOST = "$(BUILT_PRODUCTS_DIR)/Unify.app/Unify";
			};
			name = Release;
		};
		A1C1D17C243247750066B180 /* Debug */ = {
			isa = XCBuildConfiguration;
			buildSettings = {
				ALWAYS_EMBED_SWIFT_STANDARD_LIBRARIES = YES;
				CODE_SIGN_STYLE = Automatic;
				INFOPLIST_FILE = UnifyUITests/Info.plist;
				LD_RUNPATH_SEARCH_PATHS = (
					"$(inherited)",
					"@executable_path/Frameworks",
					"@loader_path/Frameworks",
				);
				PRODUCT_BUNDLE_IDENTIFIER = next.UnifyUITests;
				PRODUCT_NAME = "$(TARGET_NAME)";
				SWIFT_VERSION = 5.0;
				TARGETED_DEVICE_FAMILY = "1,2";
				TEST_TARGET_NAME = Unify;
			};
			name = Debug;
		};
		A1C1D17D243247750066B180 /* Release */ = {
			isa = XCBuildConfiguration;
			buildSettings = {
				ALWAYS_EMBED_SWIFT_STANDARD_LIBRARIES = YES;
				CODE_SIGN_STYLE = Automatic;
				INFOPLIST_FILE = UnifyUITests/Info.plist;
				LD_RUNPATH_SEARCH_PATHS = (
					"$(inherited)",
					"@executable_path/Frameworks",
					"@loader_path/Frameworks",
				);
				PRODUCT_BUNDLE_IDENTIFIER = next.UnifyUITests;
				PRODUCT_NAME = "$(TARGET_NAME)";
				SWIFT_VERSION = 5.0;
				TARGETED_DEVICE_FAMILY = "1,2";
				TEST_TARGET_NAME = Unify;
			};
			name = Release;
		};
/* End XCBuildConfiguration section */

/* Begin XCConfigurationList section */
		A1C1D146243247700066B180 /* Build configuration list for PBXProject "Unify" */ = {
			isa = XCConfigurationList;
			buildConfigurations = (
				A1C1D173243247750066B180 /* Debug */,
				A1C1D174243247750066B180 /* Release */,
			);
			defaultConfigurationIsVisible = 0;
			defaultConfigurationName = Release;
		};
		A1C1D175243247750066B180 /* Build configuration list for PBXNativeTarget "Unify" */ = {
			isa = XCConfigurationList;
			buildConfigurations = (
				A1C1D176243247750066B180 /* Debug */,
				A1C1D177243247750066B180 /* Release */,
			);
			defaultConfigurationIsVisible = 0;
			defaultConfigurationName = Release;
		};
		A1C1D178243247750066B180 /* Build configuration list for PBXNativeTarget "UnifyTests" */ = {
			isa = XCConfigurationList;
			buildConfigurations = (
				A1C1D179243247750066B180 /* Debug */,
				A1C1D17A243247750066B180 /* Release */,
			);
			defaultConfigurationIsVisible = 0;
			defaultConfigurationName = Release;
		};
		A1C1D17B243247750066B180 /* Build configuration list for PBXNativeTarget "UnifyUITests" */ = {
			isa = XCConfigurationList;
			buildConfigurations = (
				A1C1D17C243247750066B180 /* Debug */,
				A1C1D17D243247750066B180 /* Release */,
			);
			defaultConfigurationIsVisible = 0;
			defaultConfigurationName = Release;
		};
/* End XCConfigurationList section */
	};
	rootObject = A1C1D143243247700066B180 /* Project object */;
}
